
Microsoft Visual Studio Solution File, Format Version 12.00
# Visual Studio Version 16
VisualStudioVersion = 16.0.30804.86
MinimumVisualStudioVersion = 10.0.40219.1
Project("{FAE04EC0-301F-11D3-BF4B-00C04F79EFBC}") = "StudentManagement", "StudentManagement.csproj", "{1E0E7E9C-DB7D-49B6-8A24-296F82701C10}"
EndProject
Global
	GlobalSection(SolutionConfigurationPlatforms) = preSolution
		Debug|Any CPU = Debug|Any CPU
		Release|Any CPU = Release|Any CPU
	EndGlobalSection
	GlobalSection(ProjectConfigurationPlatforms) = postSolution
		{1E0E7E9C-DB7D-49B6-8A24-296F82701C10}.Debug|Any CPU.ActiveCfg = Debug|Any CPU
		{1E0E7E9C-DB7D-49B6-8A24-296F82701C10}.Debug|Any CPU.Build.0 = Debug|Any CPU
		{1E0E7E9C-DB7D-49B6-8A24-296F82701C10}.Release|Any CPU.ActiveCfg = Release|Any CPU
		{1E0E7E9C-DB7D-49B6-8A24-296F82701C10}.Release|Any CPU.Build.0 = Release|Any CPU
	EndGlobalSection
	GlobalSection(SolutionProperties) = preSolution
		HideSolutionNode = FALSE
	EndGlobalSection
	GlobalSection(ExtensibilityGlobals) = postSolution
		SolutionGuid = {5EE7CFF6-9CAC-40CA-B797-DA661C7391DE}
	EndGlobalSection
EndGlobal
